
Microsoft Visual Studio Solution File, Format Version 12.00
# Visual Studio Version 16
VisualStudioVersion = 16.0.30114.105
MinimumVisualStudioVersion = 10.0.40219.1
Project("{FAE04EC0-301F-11D3-BF4B-00C04F79EFBC}") = "Todo.Domain", "Todo.Domain\Todo.Domain.csproj", "{5D44753C-7C74-4494-95D2-65085ECD0D70}"
EndProject
Project("{FAE04EC0-301F-11D3-BF4B-00C04F79EFBC}") = "Todo.Domain.Api", "Todo.Domain.Api\Todo.Domain.Api.csproj", "{6ED4B5EA-61B0-423F-818B-A47A379ABBAE}"
EndProject
Project("{FAE04EC0-301F-11D3-BF4B-00C04F79EFBC}") = "Todo.Domain.Infra", "Todo.Domain.Infra\Todo.Domain.Infra.csproj", "{461527D5-5CE8-4949-A2D8-B669B44A7956}"
EndProject
Project("{FAE04EC0-301F-11D3-BF4B-00C04F79EFBC}") = "Todo.Domain.Tests", "Todo.Domain.Tests\Todo.Domain.Tests.csproj", "{990008A9-9342-469B-A6EC-2A36C46B2EFC}"
EndProject
Global
	GlobalSection(SolutionConfigurationPlatforms) = preSolution
		Debug|Any CPU = Debug|Any CPU
		Debug|x64 = Debug|x64
		Debug|x86 = Debug|x86
		Release|Any CPU = Release|Any CPU
		Release|x64 = Release|x64
		Release|x86 = Release|x86
	EndGlobalSection
	GlobalSection(SolutionProperties) = preSolution
		HideSolutionNode = FALSE
	EndGlobalSection
	GlobalSection(ProjectConfigurationPlatforms) = postSolution
		{5D44753C-7C74-4494-95D2-65085ECD0D70}.Debug|Any CPU.ActiveCfg = Debug|Any CPU
		{5D44753C-7C74-4494-95D2-65085ECD0D70}.Debug|Any CPU.Build.0 = Debug|Any CPU
		{5D44753C-7C74-4494-95D2-65085ECD0D70}.Debug|x64.ActiveCfg = Debug|Any CPU
		{5D44753C-7C74-4494-95D2-65085ECD0D70}.Debug|x64.Build.0 = Debug|Any CPU
		{5D44753C-7C74-4494-95D2-65085ECD0D70}.Debug|x86.ActiveCfg = Debug|Any CPU
		{5D44753C-7C74-4494-95D2-65085ECD0D70}.Debug|x86.Build.0 = Debug|Any CPU
		{5D44753C-7C74-4494-95D2-65085ECD0D70}.Release|Any CPU.ActiveCfg = Release|Any CPU
		{5D44753C-7C74-4494-95D2-65085ECD0D70}.Release|Any CPU.Build.0 = Release|Any CPU
		{5D44753C-7C74-4494-95D2-65085ECD0D70}.Release|x64.ActiveCfg = Release|Any CPU
		{5D44753C-7C74-4494-95D2-65085ECD0D70}.Release|x64.Build.0 = Release|Any CPU
		{5D44753C-7C74-4494-95D2-65085ECD0D70}.Release|x86.ActiveCfg = Release|Any CPU
		{5D44753C-7C74-4494-95D2-65085ECD0D70}.Release|x86.Build.0 = Release|Any CPU
		{6ED4B5EA-61B0-423F-818B-A47A379ABBAE}.Debug|Any CPU.ActiveCfg = Debug|Any CPU
		{6ED4B5EA-61B0-423F-818B-A47A379ABBAE}.Debug|Any CPU.Build.0 = Debug|Any CPU
		{6ED4B5EA-61B0-423F-818B-A47A379ABBAE}.Debug|x64.ActiveCfg = Debug|Any CPU
		{6ED4B5EA-61B0-423F-818B-A47A379ABBAE}.Debug|x64.Build.0 = Debug|Any CPU
		{6ED4B5EA-61B0-423F-818B-A47A379ABBAE}.Debug|x86.ActiveCfg = Debug|Any CPU
		{6ED4B5EA-61B0-423F-818B-A47A379ABBAE}.Debug|x86.Build.0 = Debug|Any CPU
		{6ED4B5EA-61B0-423F-818B-A47A379ABBAE}.Release|Any CPU.ActiveCfg = Release|Any CPU
		{6ED4B5EA-61B0-423F-818B-A47A379ABBAE}.Release|Any CPU.Build.0 = Release|Any CPU
		{6ED4B5EA-61B0-423F-818B-A47A379ABBAE}.Release|x64.ActiveCfg = Release|Any CPU
		{6ED4B5EA-61B0-423F-818B-A47A379ABBAE}.Release|x64.Build.0 = Release|Any CPU
		{6ED4B5EA-61B0-423F-818B-A47A379ABBAE}.Release|x86.ActiveCfg = Release|Any CPU
		{6ED4B5EA-61B0-423F-818B-A47A379ABBAE}.Release|x86.Build.0 = Release|Any CPU
		{461527D5-5CE8-4949-A2D8-B669B44A7956}.Debug|Any CPU.ActiveCfg = Debug|Any CPU
		{461527D5-5CE8-4949-A2D8-B669B44A7956}.Debug|Any CPU.Build.0 = Debug|Any CPU
		{461527D5-5CE8-4949-A2D8-B669B44A7956}.Debug|x64.ActiveCfg = Debug|Any CPU
		{461527D5-5CE8-4949-A2D8-B669B44A7956}.Debug|x64.Build.0 = Debug|Any CPU
		{461527D5-5CE8-4949-A2D8-B669B44A7956}.Debug|x86.ActiveCfg = Debug|Any CPU
		{461527D5-5CE8-4949-A2D8-B669B44A7956}.Debug|x86.Build.0 = Debug|Any CPU
		{461527D5-5CE8-4949-A2D8-B669B44A7956}.Release|Any CPU.ActiveCfg = Release|Any CPU
		{461527D5-5CE8-4949-A2D8-B669B44A7956}.Release|Any CPU.Build.0 = Release|Any CPU
		{461527D5-5CE8-4949-A2D8-B669B44A7956}.Release|x64.ActiveCfg = Release|Any CPU
		{461527D5-5CE8-4949-A2D8-B669B44A7956}.Release|x64.Build.0 = Release|Any CPU
		{461527D5-5CE8-4949-A2D8-B669B44A7956}.Release|x86.ActiveCfg = Release|Any CPU
		{461527D5-5CE8-4949-A2D8-B669B44A7956}.Release|x86.Build.0 = Release|Any CPU
		{990008A9-9342-469B-A6EC-2A36C46B2EFC}.Debug|Any CPU.ActiveCfg = Debug|Any CPU
		{990008A9-9342-469B-A6EC-2A36C46B2EFC}.Debug|Any CPU.Build.0 = Debug|Any CPU
		{990008A9-9342-469B-A6EC-2A36C46B2EFC}.Debug|x64.ActiveCfg = Debug|Any CPU
		{990008A9-9342-469B-A6EC-2A36C46B2EFC}.Debug|x64.Build.0 = Debug|Any CPU
		{990008A9-9342-469B-A6EC-2A36C46B2EFC}.Debug|x86.ActiveCfg = Debug|Any CPU
		{990008A9-9342-469B-A6EC-2A36C46B2EFC}.Debug|x86.Build.0 = Debug|Any CPU
		{990008A9-9342-469B-A6EC-2A36C46B2EFC}.Release|Any CPU.ActiveCfg = Release|Any CPU
		{990008A9-9342-469B-A6EC-2A36C46B2EFC}.Release|Any CPU.Build.0 = Release|Any CPU
		{990008A9-9342-469B-A6EC-2A36C46B2EFC}.Release|x64.ActiveCfg = Release|Any CPU
		{990008A9-9342-469B-A6EC-2A36C46B2EFC}.Release|x64.Build.0 = Release|Any CPU
		{990008A9-9342-469B-A6EC-2A36C46B2EFC}.Release|x86.ActiveCfg = Release|Any CPU
		{990008A9-9342-469B-A6EC-2A36C46B2EFC}.Release|x86.Build.0 = Release|Any CPU
	EndGlobalSection
EndGlobal
